// !$*UTF8*$!
{
	archiveVersion = 1;
	classes = {
	};
	objectVersion = 48;
	objects = {

/* Begin PBXBuildFile section */
		B3B8C449213595040003950A /* AppDelegate.swift in Sources */ = {isa = PBXBuildFile; fileRef = B3B8C448213595040003950A /* AppDelegate.swift */; };
		B3B8C44B213595040003950A /* ViewController.swift in Sources */ = {isa = PBXBuildFile; fileRef = B3B8C44A213595040003950A /* ViewController.swift */; };
		B3B8C44E213595040003950A /* Main.storyboard in Resources */ = {isa = PBXBuildFile; fileRef = B3B8C44C213595040003950A /* Main.storyboard */; };
		B3B8C450213595040003950A /* Assets.xcassets in Resources */ = {isa = PBXBuildFile; fileRef = B3B8C44F213595040003950A /* Assets.xcassets */; };
		B3B8C453213595040003950A /* LaunchScreen.storyboard in Resources */ = {isa = PBXBuildFile; fileRef = B3B8C451213595040003950A /* LaunchScreen.storyboard */; };
		B3B8C45E213595040003950A /* secretTests.swift in Sources */ = {isa = PBXBuildFile; fileRef = B3B8C45D213595040003950A /* secretTests.swift */; };
		B3B8C469213595040003950A /* secretUITests.swift in Sources */ = {isa = PBXBuildFile; fileRef = B3B8C468213595040003950A /* secretUITests.swift */; };
		B3FF87AC2136EA2500E64DB5 /* python_logo.png in Resources */ = {isa = PBXBuildFile; fileRef = B3FF87AB2136EA2500E64DB5 /* python_logo.png */; };
/* End PBXBuildFile section */

/* Begin PBXContainerItemProxy section */
		B3B8C45A213595040003950A /* PBXContainerItemProxy */ = {
			isa = PBXContainerItemProxy;
			containerPortal = B3B8C43D213595040003950A /* Project object */;
			proxyType = 1;
			remoteGlobalIDString = B3B8C444213595040003950A;
			remoteInfo = secret;
		};
		B3B8C465213595040003950A /* PBXContainerItemProxy */ = {
			isa = PBXContainerItemProxy;
			containerPortal = B3B8C43D213595040003950A /* Project object */;
			proxyType = 1;
			remoteGlobalIDString = B3B8C444213595040003950A;
			remoteInfo = secret;
		};
/* End PBXContainerItemProxy section */

/* Begin PBXFileReference section */
		B3B8C445213595040003950A /* secret.app */ = {isa = PBXFileReference; explicitFileType = wrapper.application; includeInIndex = 0; path = secret.app; sourceTree = BUILT_PRODUCTS_DIR; };
		B3B8C448213595040003950A /* AppDelegate.swift */ = {isa = PBXFileReference; lastKnownFileType = sourcecode.swift; path = AppDelegate.swift; sourceTree = "<group>"; };
		B3B8C44A213595040003950A /* ViewController.swift */ = {isa = PBXFileReference; lastKnownFileType = sourcecode.swift; path = ViewController.swift; sourceTree = "<group>"; };
		B3B8C44D213595040003950A /* Base */ = {isa = PBXFileReference; lastKnownFileType = file.storyboard; name = Base; path = Base.lproj/Main.storyboard; sourceTree = "<group>"; };
		B3B8C44F213595040003950A /* Assets.xcassets */ = {isa = PBXFileReference; lastKnownFileType = folder.assetcatalog; path = Assets.xcassets; sourceTree = "<group>"; };
		B3B8C452213595040003950A /* Base */ = {isa = PBXFileReference; lastKnownFileType = file.storyboard; name = Base; path = Base.lproj/LaunchScreen.storyboard; sourceTree = "<group>"; };
		B3B8C454213595040003950A /* Info.plist */ = {isa = PBXFileReference; lastKnownFileType = text.plist.xml; path = Info.plist; sourceTree = "<group>"; };
		B3B8C459213595040003950A /* secretTests.xctest */ = {isa = PBXFileReference; explicitFileType = wrapper.cfbundle; includeInIndex = 0; path = secretTests.xctest; sourceTree = BUILT_PRODUCTS_DIR; };
		B3B8C45D213595040003950A /* secretTests.swift */ = {isa = PBXFileReference; lastKnownFileType = sourcecode.swift; path = secretTests.swift; sourceTree = "<group>"; };
		B3B8C45F213595040003950A /* Info.plist */ = {isa = PBXFileReference; lastKnownFileType = text.plist.xml; path = Info.plist; sourceTree = "<group>"; };
		B3B8C464213595040003950A /* secretUITests.xctest */ = {isa = PBXFileReference; explicitFileType = wrapper.cfbundle; includeInIndex = 0; path = secretUITests.xctest; sourceTree = BUILT_PRODUCTS_DIR; };
		B3B8C468213595040003950A /* secretUITests.swift */ = {isa = PBXFileReference; lastKnownFileType = sourcecode.swift; path = secretUITests.swift; sourceTree = "<group>"; };
		B3B8C46A213595040003950A /* Info.plist */ = {isa = PBXFileReference; lastKnownFileType = text.plist.xml; path = Info.plist; sourceTree = "<group>"; };
		B3FF87AB2136EA2500E64DB5 /* python_logo.png */ = {isa = PBXFileReference; lastKnownFileType = image.png; name = python_logo.png; path = "../../Personal Website/images/python_logo.png"; sourceTree = "<group>"; };
/* End PBXFileReference section */

/* Begin PBXFrameworksBuildPhase section */
		B3B8C442213595040003950A /* Frameworks */ = {
			isa = PBXFrameworksBuildPhase;
			buildActionMask = 2147483647;
			files = (
			);
			runOnlyForDeploymentPostprocessing = 0;
		};
		B3B8C456213595040003950A /* Frameworks */ = {
			isa = PBXFrameworksBuildPhase;
			buildActionMask = 2147483647;
			files = (
			);
			runOnlyForDeploymentPostprocessing = 0;
		};
		B3B8C461213595040003950A /* Frameworks */ = {
			isa = PBXFrameworksBuildPhase;
			buildActionMask = 2147483647;
			files = (
			);
			runOnlyForDeploymentPostprocessing = 0;
		};
/* End PBXFrameworksBuildPhase section */

/* Begin PBXGroup section */
		B3B8C43C213595040003950A = {
			isa = PBXGroup;
			children = (
				B3B8C447213595040003950A /* secret */,
				B3B8C45C213595040003950A /* secretTests */,
				B3B8C467213595040003950A /* secretUITests */,
				B3B8C446213595040003950A /* Products */,
			);
			sourceTree = "<group>";
		};
		B3B8C446213595040003950A /* Products */ = {
			isa = PBXGroup;
			children = (
				B3B8C445213595040003950A /* secret.app */,
				B3B8C459213595040003950A /* secretTests.xctest */,
				B3B8C464213595040003950A /* secretUITests.xctest */,
			);
			name = Products;
			sourceTree = "<group>";
		};
		B3B8C447213595040003950A /* secret */ = {
			isa = PBXGroup;
			children = (
				B3FF87AB2136EA2500E64DB5 /* python_logo.png */,
				B3B8C448213595040003950A /* AppDelegate.swift */,
				B3B8C44A213595040003950A /* ViewController.swift */,
				B3B8C44C213595040003950A /* Main.storyboard */,
				B3B8C44F213595040003950A /* Assets.xcassets */,
				B3B8C451213595040003950A /* LaunchScreen.storyboard */,
				B3B8C454213595040003950A /* Info.plist */,
			);
			path = secret;
			sourceTree = "<group>";
		};
		B3B8C45C213595040003950A /* secretTests */ = {
			isa = PBXGroup;
			children = (
				B3B8C45D213595040003950A /* secretTests.swift */,
				B3B8C45F213595040003950A /* Info.plist */,
			);
			path = secretTests;
			sourceTree = "<group>";
		};
		B3B8C467213595040003950A /* secretUITests */ = {
			isa = PBXGroup;
			children = (
				B3B8C468213595040003950A /* secretUITests.swift */,
				B3B8C46A213595040003950A /* Info.plist */,
			);
			path = secretUITests;
			sourceTree = "<group>";
		};
/* End PBXGroup section */

/* Begin PBXNativeTarget section */
		B3B8C444213595040003950A /* secret */ = {
			isa = PBXNativeTarget;
			buildConfigurationList = B3B8C46D213595040003950A /* Build configuration list for PBXNativeTarget "secret" */;
			buildPhases = (
				B3B8C441213595040003950A /* Sources */,
				B3B8C442213595040003950A /* Frameworks */,
				B3B8C443213595040003950A /* Resources */,
			);
			buildRules = (
			);
			dependencies = (
			);
			name = secret;
			productName = secret;
			productReference = B3B8C445213595040003950A /* secret.app */;
			productType = "com.apple.product-type.application";
		};
		B3B8C458213595040003950A /* secretTests */ = {
			isa = PBXNativeTarget;
			buildConfigurationList = B3B8C470213595040003950A /* Build configuration list for PBXNativeTarget "secretTests" */;
			buildPhases = (
				B3B8C455213595040003950A /* Sources */,
				B3B8C456213595040003950A /* Frameworks */,
				B3B8C457213595040003950A /* Resources */,
			);
			buildRules = (
			);
			dependencies = (
				B3B8C45B213595040003950A /* PBXTargetDependency */,
			);
			name = secretTests;
			productName = secretTests;
			productReference = B3B8C459213595040003950A /* secretTests.xctest */;
			productType = "com.apple.product-type.bundle.unit-test";
		};
		B3B8C463213595040003950A /* secretUITests */ = {
			isa = PBXNativeTarget;
			buildConfigurationList = B3B8C473213595040003950A /* Build configuration list for PBXNativeTarget "secretUITests" */;
			buildPhases = (
				B3B8C460213595040003950A /* Sources */,
				B3B8C461213595040003950A /* Frameworks */,
				B3B8C462213595040003950A /* Resources */,
			);
			buildRules = (
			);
			dependencies = (
				B3B8C466213595040003950A /* PBXTargetDependency */,
			);
			name = secretUITests;
			productName = secretUITests;
			productReference = B3B8C464213595040003950A /* secretUITests.xctest */;
			productType = "com.apple.product-type.bundle.ui-testing";
		};
/* End PBXNativeTarget section */

/* Begin PBXProject section */
		B3B8C43D213595040003950A /* Project object */ = {
			isa = PBXProject;
			attributes = {
				LastSwiftUpdateCheck = 0920;
				LastUpgradeCheck = 0920;
				ORGANIZATIONNAME = camole;
				TargetAttributes = {
					B3B8C444213595040003950A = {
						CreatedOnToolsVersion = 9.2;
						ProvisioningStyle = Automatic;
					};
					B3B8C458213595040003950A = {
						CreatedOnToolsVersion = 9.2;
						ProvisioningStyle = Automatic;
						TestTargetID = B3B8C444213595040003950A;
					};
					B3B8C463213595040003950A = {
						CreatedOnToolsVersion = 9.2;
						ProvisioningStyle = Automatic;
						TestTargetID = B3B8C444213595040003950A;
					};
				};
			};
			buildConfigurationList = B3B8C440213595040003950A /* Build configuration list for PBXProject "secret" */;
			compatibilityVersion = "Xcode 8.0";
			developmentRegion = en;
			hasScannedForEncodings = 0;
			knownRegions = (
				en,
				Base,
			);
			mainGroup = B3B8C43C213595040003950A;
			productRefGroup = B3B8C446213595040003950A /* Products */;
			projectDirPath = "";
			projectRoot = "";
			targets = (
				B3B8C444213595040003950A /* secret */,
				B3B8C458213595040003950A /* secretTests */,
				B3B8C463213595040003950A /* secretUITests */,
			);
		};
/* End PBXProject section */

/* Begin PBXResourcesBuildPhase section */
		B3B8C443213595040003950A /* Resources */ = {
			isa = PBXResourcesBuildPhase;
			buildActionMask = 2147483647;
			files = (
				B3FF87AC2136EA2500E64DB5 /* python_logo.png in Resources */,
				B3B8C453213595040003950A /* LaunchScreen.storyboard in Resources */,
				B3B8C450213595040003950A /* Assets.xcassets in Resources */,
				B3B8C44E213595040003950A /* Main.storyboard in Resources */,
			);
			runOnlyForDeploymentPostprocessing = 0;
		};
		B3B8C457213595040003950A /* Resources */ = {
			isa = PBXResourcesBuildPhase;
			buildActionMask = 2147483647;
			files = (
			);
			runOnlyForDeploymentPostprocessing = 0;
		};
		B3B8C462213595040003950A /* Resources */ = {
			isa = PBXResourcesBuildPhase;
			buildActionMask = 2147483647;
			files = (
			);
			runOnlyForDeploymentPostprocessing = 0;
		};
/* End PBXResourcesBuildPhase section */

/* Begin PBXSourcesBuildPhase section */
		B3B8C441213595040003950A /* Sources */ = {
			isa = PBXSourcesBuildPhase;
			buildActionMask = 2147483647;
			files = (
				B3B8C44B213595040003950A /* ViewController.swift in Sources */,
				B3B8C449213595040003950A /* AppDelegate.swift in Sources */,
			);
			runOnlyForDeploymentPostprocessing = 0;
		};
		B3B8C455213595040003950A /* Sources */ = {
			isa = PBXSourcesBuildPhase;
			buildActionMask = 2147483647;
			files = (
				B3B8C45E213595040003950A /* secretTests.swift in Sources */,
			);
			runOnlyForDeploymentPostprocessing = 0;
		};
		B3B8C460213595040003950A /* Sources */ = {
			isa = PBXSourcesBuildPhase;
			buildActionMask = 2147483647;
			files = (
				B3B8C469213595040003950A /* secretUITests.swift in Sources */,
			);
			runOnlyForDeploymentPostprocessing = 0;
		};
/* End PBXSourcesBuildPhase section */

/* Begin PBXTargetDependency section */
		B3B8C45B213595040003950A /* PBXTargetDependency */ = {
			isa = PBXTargetDependency;
			target = B3B8C444213595040003950A /* secret */;
			targetProxy = B3B8C45A213595040003950A /* PBXContainerItemProxy */;
		};
		B3B8C466213595040003950A /* PBXTargetDependency */ = {
			isa = PBXTargetDependency;
			target = B3B8C444213595040003950A /* secret */;
			targetProxy = B3B8C465213595040003950A /* PBXContainerItemProxy */;
		};
/* End PBXTargetDependency section */

/* Begin PBXVariantGroup section */
		B3B8C44C213595040003950A /* Main.storyboard */ = {
			isa = PBXVariantGroup;
			children = (
				B3B8C44D213595040003950A /* Base */,
			);
			name = Main.storyboard;
			sourceTree = "<group>";
		};
		B3B8C451213595040003950A /* LaunchScreen.storyboard */ = {
			isa = PBXVariantGroup;
			children = (
				B3B8C452213595040003950A /* Base */,
			);
			name = LaunchScreen.storyboard;
			sourceTree = "<group>";
		};
/* End PBXVariantGroup section */

/* Begin XCBuildConfiguration section */
		B3B8C46B213595040003950A /* Debug */ = {
			isa = XCBuildConfiguration;
			buildSettings = {
				ALWAYS_SEARCH_USER_PATHS = NO;
				CLANG_ANALYZER_NONNULL = YES;
				CLANG_ANALYZER_NUMBER_OBJECT_CONVERSION = YES_AGGRESSIVE;
				CLANG_CXX_LANGUAGE_STANDARD = "gnu++14";
				CLANG_CXX_LIBRARY = "libc++";
				CLANG_ENABLE_MODULES = YES;
				CLANG_ENABLE_OBJC_ARC = YES;
				CLANG_WARN_BLOCK_CAPTURE_AUTORELEASING = YES;
				CLANG_WARN_BOOL_CONVERSION = YES;
				CLANG_WARN_COMMA = YES;
				CLANG_WARN_CONSTANT_CONVERSION = YES;
				CLANG_WARN_DIRECT_OBJC_ISA_USAGE = YES_ERROR;
				CLANG_WARN_DOCUMENTATION_COMMENTS = YES;
				CLANG_WARN_EMPTY_BODY = YES;
				CLANG_WARN_ENUM_CONVERSION = YES;
				CLANG_WARN_INFINITE_RECURSION = YES;
				CLANG_WARN_INT_CONVERSION = YES;
				CLANG_WARN_NON_LITERAL_NULL_CONVERSION = YES;
				CLANG_WARN_OBJC_LITERAL_CONVERSION = YES;
				CLANG_WARN_OBJC_ROOT_CLASS = YES_ERROR;
				CLANG_WARN_RANGE_LOOP_ANALYSIS = YES;
				CLANG_WARN_STRICT_PROTOTYPES = YES;
				CLANG_WARN_SUSPICIOUS_MOVE = YES;
				CLANG_WARN_UNGUARDED_AVAILABILITY = YES_AGGRESSIVE;
				CLANG_WARN_UNREACHABLE_CODE = YES;
				CLANG_WARN__DUPLICATE_METHOD_MATCH = YES;
				CODE_SIGN_IDENTITY = "iPhone Developer";
				COPY_PHASE_STRIP = NO;
				DEBUG_INFORMATION_FORMAT = dwarf;
				ENABLE_STRICT_OBJC_MSGSEND = YES;
				ENABLE_TESTABILITY = YES;
				GCC_C_LANGUAGE_STANDARD = gnu11;
				GCC_DYNAMIC_NO_PIC = NO;
				GCC_NO_COMMON_BLOCKS = YES;
				GCC_OPTIMIZATION_LEVEL = 0;
				GCC_PREPROCESSOR_DEFINITIONS = (
					"DEBUG=1",
					"$(inherited)",
				);
				GCC_WARN_64_TO_32_BIT_CONVERSION = YES;
				GCC_WARN_ABOUT_RETURN_TYPE = YES_ERROR;
				GCC_WARN_UNDECLARED_SELECTOR = YES;
				GCC_WARN_UNINITIALIZED_AUTOS = YES_AGGRESSIVE;
				GCC_WARN_UNUSED_FUNCTION = YES;
				GCC_WARN_UNUSED_VARIABLE = YES;
				IPHONEOS_DEPLOYMENT_TARGET = 11.2;
				MTL_ENABLE_DEBUG_INFO = YES;
				ONLY_ACTIVE_ARCH = YES;
				SDKROOT = iphoneos;
				SWIFT_ACTIVE_COMPILATION_CONDITIONS = DEBUG;
				SWIFT_OPTIMIZATION_LEVEL = "-Onone";
			};
			name = Debug;
		};
		B3B8C46C213595040003950A /* Release */ = {
			isa = XCBuildConfiguration;
			buildSettings = {
				ALWAYS_SEARCH_USER_PATHS = NO;
				CLANG_ANALYZER_NONNULL = YES;
				CLANG_ANALYZER_NUMBER_OBJECT_CONVERSION = YES_AGGRESSIVE;
				CLANG_CXX_LANGUAGE_STANDARD = "gnu++14";
				CLANG_CXX_LIBRARY = "libc++";
				CLANG_ENABLE_MODULES = YES;
				CLANG_ENABLE_OBJC_ARC = YES;
				CLANG_WARN_BLOCK_CAPTURE_AUTORELEASING = YES;
				CLANG_WARN_BOOL_CONVERSION = YES;
				CLANG_WARN_COMMA = YES;
				CLANG_WARN_CONSTANT_CONVERSION = YES;
				CLANG_WARN_DIRECT_OBJC_ISA_USAGE = YES_ERROR;
				CLANG_WARN_DOCUMENTATION_COMMENTS = YES;
				CLANG_WARN_EMPTY_BODY = YES;
				CLANG_WARN_ENUM_CONVERSION = YES;
				CLANG_WARN_INFINITE_RECURSION = YES;
				CLANG_WARN_INT_CONVERSION = YES;
				CLANG_WARN_NON_LITERAL_NULL_CONVERSION = YES;
				CLANG_WARN_OBJC_LITERAL_CONVERSION = YES;
				CLANG_WARN_OBJC_ROOT_CLASS = YES_ERROR;
				CLANG_WARN_RANGE_LOOP_ANALYSIS = YES;
				CLANG_WARN_STRICT_PROTOTYPES = YES;
				CLANG_WARN_SUSPICIOUS_MOVE = YES;
				CLANG_WARN_UNGUARDED_AVAILABILITY = YES_AGGRESSIVE;
				CLANG_WARN_UNREACHABLE_CODE = YES;
				CLANG_WARN__DUPLICATE_METHOD_MATCH = YES;
				CODE_SIGN_IDENTITY = "iPhone Developer";
				COPY_PHASE_STRIP = NO;
				DEBUG_INFORMATION_FORMAT = "dwarf-with-dsym";
				ENABLE_NS_ASSERTIONS = NO;
				ENABLE_STRICT_OBJC_MSGSEND = YES;
				GCC_C_LANGUAGE_STANDARD = gnu11;
				GCC_NO_COMMON_BLOCKS = YES;
				GCC_WARN_64_TO_32_BIT_CONVERSION = YES;
				GCC_WARN_ABOUT_RETURN_TYPE = YES_ERROR;
				GCC_WARN_UNDECLARED_SELECTOR = YES;
				GCC_WARN_UNINITIALIZED_AUTOS = YES_AGGRESSIVE;
				GCC_WARN_UNUSED_FUNCTION = YES;
				GCC_WARN_UNUSED_VARIABLE = YES;
				IPHONEOS_DEPLOYMENT_TARGET = 11.2;
				MTL_ENABLE_DEBUG_INFO = NO;
				SDKROOT = iphoneos;
				SWIFT_OPTIMIZATION_LEVEL = "-Owholemodule";
				VALIDATE_PRODUCT = YES;
			};
			name = Release;
		};
		B3B8C46E213595040003950A /* Debug */ = {
			isa = XCBuildConfiguration;
			buildSettings = {
				ASSETCATALOG_COMPILER_APPICON_NAME = AppIcon;
				CODE_SIGN_STYLE = Automatic;
				DEVELOPMENT_TEAM = 587C4NBY4X;
				INFOPLIST_FILE = secret/Info.plist;
				LD_RUNPATH_SEARCH_PATHS = "$(inherited) @executable_path/Frameworks";
				PRODUCT_BUNDLE_IDENTIFIER = louisgrd.secret;
				PRODUCT_NAME = "$(TARGET_NAME)";
				SWIFT_VERSION = 4.0;
				TARGETED_DEVICE_FAMILY = "1,2";
			};
			name = Debug;
		};
		B3B8C46F213595040003950A /* Release */ = {
			isa = XCBuildConfiguration;
			buildSettings = {
				ASSETCATALOG_COMPILER_APPICON_NAME = AppIcon;
				CODE_SIGN_STYLE = Automatic;
				DEVELOPMENT_TEAM = 587C4NBY4X;
				INFOPLIST_FILE = secret/Info.plist;
				LD_RUNPATH_SEARCH_PATHS = "$(inherited) @executable_path/Frameworks";
				PRODUCT_BUNDLE_IDENTIFIER = louisgrd.secret;
				PRODUCT_NAME = "$(TARGET_NAME)";
				SWIFT_VERSION = 4.0;
				TARGETED_DEVICE_FAMILY = "1,2";
			};
			name = Release;
		};
		B3B8C471213595040003950A /* Debug */ = {
			isa = XCBuildConfiguration;
			buildSettings = {
				ALWAYS_EMBED_SWIFT_STANDARD_LIBRARIES = YES;
				BUNDLE_LOADER = "$(TEST_HOST)";
				CODE_SIGN_STYLE = Automatic;
				DEVELOPMENT_TEAM = 587C4NBY4X;
				INFOPLIST_FILE = secretTests/Info.plist;
				LD_RUNPATH_SEARCH_PATHS = "$(inherited) @executable_path/Frameworks @loader_path/Frameworks";
				PRODUCT_BUNDLE_IDENTIFIER = louisgrd.secretTests;
				PRODUCT_NAME = "$(TARGET_NAME)";
				SWIFT_VERSION = 4.0;
				TARGETED_DEVICE_FAMILY = "1,2";
				TEST_HOST = "$(BUILT_PRODUCTS_DIR)/secret.app/secret";
			};
			name = Debug;
		};
		B3B8C472213595040003950A /* Release */ = {
			isa = XCBuildConfiguration;
			buildSettings = {
				ALWAYS_EMBED_SWIFT_STANDARD_LIBRARIES = YES;
				BUNDLE_LOADER = "$(TEST_HOST)";
				CODE_SIGN_STYLE = Automatic;
				DEVELOPMENT_TEAM = 587C4NBY4X;
				INFOPLIST_FILE = secretTests/Info.plist;
				LD_RUNPATH_SEARCH_PATHS = "$(inherited) @executable_path/Frameworks @loader_path/Frameworks";
				PRODUCT_BUNDLE_IDENTIFIER = louisgrd.secretTests;
				PRODUCT_NAME = "$(TARGET_NAME)";
				SWIFT_VERSION = 4.0;
				TARGETED_DEVICE_FAMILY = "1,2";
				TEST_HOST = "$(BUILT_PRODUCTS_DIR)/secret.app/secret";
			};
			name = Release;
		};
		B3B8C474213595040003950A /* Debug */ = {
			isa = XCBuildConfiguration;
			buildSettings = {
				ALWAYS_EMBED_SWIFT_STANDARD_LIBRARIES = YES;
				CODE_SIGN_STYLE = Automatic;
				DEVELOPMENT_TEAM = 587C4NBY4X;
				INFOPLIST_FILE = secretUITests/Info.plist;
				LD_RUNPATH_SEARCH_PATHS = "$(inherited) @executable_path/Frameworks @loader_path/Frameworks";
				PRODUCT_BUNDLE_IDENTIFIER = louisgrd.secretUITests;
				PRODUCT_NAME = "$(TARGET_NAME)";
				SWIFT_VERSION = 4.0;
				TARGETED_DEVICE_FAMILY = "1,2";
				TEST_TARGET_NAME = secret;
			};
			name = Debug;
		};
		B3B8C475213595040003950A /* Release */ = {
			isa = XCBuildConfiguration;
			buildSettings = {
				ALWAYS_EMBED_SWIFT_STANDARD_LIBRARIES = YES;
				CODE_SIGN_STYLE = Automatic;
				DEVELOPMENT_TEAM = 587C4NBY4X;
				INFOPLIST_FILE = secretUITests/Info.plist;
				LD_RUNPATH_SEARCH_PATHS = "$(inherited) @executable_path/Frameworks @loader_path/Frameworks";
				PRODUCT_BUNDLE_IDENTIFIER = louisgrd.secretUITests;
				PRODUCT_NAME = "$(TARGET_NAME)";
				SWIFT_VERSION = 4.0;
				TARGETED_DEVICE_FAMILY = "1,2";
				TEST_TARGET_NAME = secret;
			};
			name = Release;
		};
/* End XCBuildConfiguration section */

/* Begin XCConfigurationList section */
		B3B8C440213595040003950A /* Build configuration list for PBXProject "secret" */ = {
			isa = XCConfigurationList;
			buildConfigurations = (
				B3B8C46B213595040003950A /* Debug */,
				B3B8C46C213595040003950A /* Release */,
			);
			defaultConfigurationIsVisible = 0;
			defaultConfigurationName = Release;
		};
		B3B8C46D213595040003950A /* Build configuration list for PBXNativeTarget "secret" */ = {
			isa = XCConfigurationList;
			buildConfigurations = (
				B3B8C46E213595040003950A /* Debug */,
				B3B8C46F213595040003950A /* Release */,
			);
			defaultConfigurationIsVisible = 0;
			defaultConfigurationName = Release;
		};
		B3B8C470213595040003950A /* Build configuration list for PBXNativeTarget "secretTests" */ = {
			isa = XCConfigurationList;
			buildConfigurations = (
				B3B8C471213595040003950A /* Debug */,
				B3B8C472213595040003950A /* Release */,
			);
			defaultConfigurationIsVisible = 0;
			defaultConfigurationName = Release;
		};
		B3B8C473213595040003950A /* Build configuration list for PBXNativeTarget "secretUITests" */ = {
			isa = XCConfigurationList;
			buildConfigurations = (
				B3B8C474213595040003950A /* Debug */,
				B3B8C475213595040003950A /* Release */,
			);
			defaultConfigurationIsVisible = 0;
			defaultConfigurationName = Release;
		};
/* End XCConfigurationList section */
	};
	rootObject = B3B8C43D213595040003950A /* Project object */;
}
